
Microsoft Visual Studio Solution File, Format Version 12.00
# Visual Studio 14
VisualStudioVersion = 14.0.25420.1
MinimumVisualStudioVersion = 10.0.40219.1
Project("{FAE04EC0-301F-11D3-BF4B-00C04F79EFBC}") = "CodeFirstKaro", "CodeFirstKaro\CodeFirstKaro.csproj", "{ACCE4F16-DC72-4F99-88B0-EF643157AD60}"
EndProject
Global
	GlobalSection(SolutionConfigurationPlatforms) = preSolution
		Debug|Any CPU = Debug|Any CPU
		Release|Any CPU = Release|Any CPU
	EndGlobalSection
	GlobalSection(ProjectConfigurationPlatforms) = postSolution
		{ACCE4F16-DC72-4F99-88B0-EF643157AD60}.Debug|Any CPU.ActiveCfg = Debug|Any CPU
		{ACCE4F16-DC72-4F99-88B0-EF643157AD60}.Debug|Any CPU.Build.0 = Debug|Any CPU
		{ACCE4F16-DC72-4F99-88B0-EF643157AD60}.Release|Any CPU.ActiveCfg = Release|Any CPU
		{ACCE4F16-DC72-4F99-88B0-EF643157AD60}.Release|Any CPU.Build.0 = Release|Any CPU
	EndGlobalSection
	GlobalSection(SolutionProperties) = preSolution
		HideSolutionNode = FALSE
	EndGlobalSection
EndGlobal
